
Microsoft Visual Studio Solution File, Format Version 12.00
# Visual Studio Version 17
VisualStudioVersion = 17.13.35828.75 d17.13
MinimumVisualStudioVersion = 10.0.40219.1
Project("{FAE04EC0-301F-11D3-BF4B-00C04F79EFBC}") = "GameProg_DiceRolling-BenF", "GameProg_DiceRolling-BenF\GameProg_DiceRolling-BenF.csproj", "{2B607EBA-C43E-4CCA-AB1F-7FD85025FF99}"
EndProject
Global
	GlobalSection(SolutionConfigurationPlatforms) = preSolution
		Debug|Any CPU = Debug|Any CPU
		Release|Any CPU = Release|Any CPU
	EndGlobalSection
	GlobalSection(ProjectConfigurationPlatforms) = postSolution
		{2B607EBA-C43E-4CCA-AB1F-7FD85025FF99}.Debug|Any CPU.ActiveCfg = Debug|Any CPU
		{2B607EBA-C43E-4CCA-AB1F-7FD85025FF99}.Debug|Any CPU.Build.0 = Debug|Any CPU
		{2B607EBA-C43E-4CCA-AB1F-7FD85025FF99}.Release|Any CPU.ActiveCfg = Release|Any CPU
		{2B607EBA-C43E-4CCA-AB1F-7FD85025FF99}.Release|Any CPU.Build.0 = Release|Any CPU
	EndGlobalSection
	GlobalSection(SolutionProperties) = preSolution
		HideSolutionNode = FALSE
	EndGlobalSection
	GlobalSection(ExtensibilityGlobals) = postSolution
		SolutionGuid = {B15E9201-DCF7-4905-BB1C-44F1BB2CFFAA}
	EndGlobalSection
EndGlobal
